
Microsoft Visual Studio Solution File, Format Version 12.00
# Visual Studio 15
VisualStudioVersion = 15.0.28307.329
MinimumVisualStudioVersion = 10.0.40219.1
Project("{2150E333-8FDC-42A3-9474-1A3956D46DE8}") = "src", "src", "{F509020B-72FB-4FEF-A116-22D5B4690395}"
EndProject
Project("{FAE04EC0-301F-11D3-BF4B-00C04F79EFBC}") = "Sample.FunctionApp", "src\Sample.FunctionApp\Sample.FunctionApp.csproj", "{5A2946E6-9FB1-4383-BCE4-1CDFC4387346}"
EndProject
Global
	GlobalSection(SolutionConfigurationPlatforms) = preSolution
		Debug|Any CPU = Debug|Any CPU
		Release|Any CPU = Release|Any CPU
	EndGlobalSection
	GlobalSection(ProjectConfigurationPlatforms) = postSolution
		{5A2946E6-9FB1-4383-BCE4-1CDFC4387346}.Debug|Any CPU.ActiveCfg = Debug|Any CPU
		{5A2946E6-9FB1-4383-BCE4-1CDFC4387346}.Debug|Any CPU.Build.0 = Debug|Any CPU
		{5A2946E6-9FB1-4383-BCE4-1CDFC4387346}.Release|Any CPU.ActiveCfg = Release|Any CPU
		{5A2946E6-9FB1-4383-BCE4-1CDFC4387346}.Release|Any CPU.Build.0 = Release|Any CPU
	EndGlobalSection
	GlobalSection(SolutionProperties) = preSolution
		HideSolutionNode = FALSE
	EndGlobalSection
	GlobalSection(NestedProjects) = preSolution
		{5A2946E6-9FB1-4383-BCE4-1CDFC4387346} = {F509020B-72FB-4FEF-A116-22D5B4690395}
	EndGlobalSection
	GlobalSection(ExtensibilityGlobals) = postSolution
		SolutionGuid = {3518C9A1-0D3B-46CB-A1EC-D3868CB7B099}
	EndGlobalSection
EndGlobal
